
Microsoft Visual Studio Solution File, Format Version 12.00
# Visual Studio 15
VisualStudioVersion = 15.0.27428.2015
MinimumVisualStudioVersion = 10.0.40219.1
Project("{2150E333-8FDC-42A3-9474-1A3956D46DE8}") = "Modules", "Modules", "{05289515-72ED-4929-8E92-F150C95BA192}"
EndProject
Project("{2150E333-8FDC-42A3-9474-1A3956D46DE8}") = "FinalProject", "FinalProject", "{B701F0BC-B827-4C66-9B91-C4C7B49AAD3C}"
EndProject
Project("{2150E333-8FDC-42A3-9474-1A3956D46DE8}") = "M_II", "M_II", "{E5C8B79F-7F97-4FEA-BBEC-220D7E6B460B}"
EndProject
Project("{FAE04EC0-301F-11D3-BF4B-00C04F79EFBC}") = "CIPSA.M_II.ConsoleApp", "Modules\M_II\CIPSA.M_II.ConsoleApp\CIPSA.M_II.ConsoleApp.csproj", "{179D5FB2-BA04-4392-B510-73241DF08690}"
EndProject
Project("{FAE04EC0-301F-11D3-BF4B-00C04F79EFBC}") = "CIPSA.M_II.WebApp", "Modules\M_II\CIPSA.M_II.WebApp\CIPSA.M_II.WebApp\CIPSA.M_II.WebApp.csproj", "{E016E06A-D321-4977-B3B2-760D261F8D85}"
EndProject
Project("{2150E333-8FDC-42A3-9474-1A3956D46DE8}") = "M_III", "M_III", "{79CBCE68-A8E7-4E1F-9A47-BFC103C4D7FC}"
EndProject
Project("{FAE04EC0-301F-11D3-BF4B-00C04F79EFBC}") = "CIPSA.M_III.ConsoleApp", "Modules\M_III\CIPSA.M_III.ConsoleApp\CIPSA.M_III.ConsoleApp.csproj", "{0CD8B3A8-5732-4006-8D35-34B584706F43}"
EndProject
Project("{2150E333-8FDC-42A3-9474-1A3956D46DE8}") = "M_IV", "M_IV", "{D1F37444-DACD-4884-812F-93CDFDEB1CC1}"
EndProject
Project("{2150E333-8FDC-42A3-9474-1A3956D46DE8}") = "Util", "Util", "{09FA5FB2-A07F-4494-981E-576BE714AAC1}"
EndProject
Project("{FAE04EC0-301F-11D3-BF4B-00C04F79EFBC}") = "CIPSA.M_IV.I.ConsoleApp", "Modules\M_IV\CIPSA.M_IV.I.ConsoleApp\CIPSA.M_IV.I.ConsoleApp.csproj", "{E17740AF-9C4E-4DA3-9BAA-7F7AA9F28A33}"
EndProject
Project("{FAE04EC0-301F-11D3-BF4B-00C04F79EFBC}") = "CIPSA.Util.ConsoleApp", "Modules\Util\CIPSA.Util.ConsoleApp\CIPSA.Util.ConsoleApp.csproj", "{C112378E-203D-4D42-9B34-17A3A55AED2C}"
EndProject
Project("{FAE04EC0-301F-11D3-BF4B-00C04F79EFBC}") = "CIPSA.M_IV.II.ConsoleApp", "Modules\M_IV\CIPSA.M_IV.II.ConsoleApp\CIPSA.M_IV.II.ConsoleApp.csproj", "{B9B5AB82-6D63-4B6E-8E03-C103F48B551A}"
EndProject
Project("{2150E333-8FDC-42A3-9474-1A3956D46DE8}") = "M_V", "M_V", "{EBF393D9-884A-4B7F-BBC6-2A8474178370}"
EndProject
Project("{FAE04EC0-301F-11D3-BF4B-00C04F79EFBC}") = "CIPSA.M_V.ConsoleApp", "Modules\M_V\CIPSA.M_V.ConsoleApp\CIPSA.M_V.ConsoleApp.csproj", "{49CE4D4F-FF1F-40E8-A444-60B96D4D7FBB}"
EndProject
Project("{2150E333-8FDC-42A3-9474-1A3956D46DE8}") = "M_VI", "M_VI", "{2C335774-8B2C-4694-AC2B-4AD852C4E09B}"
EndProject
Project("{FAE04EC0-301F-11D3-BF4B-00C04F79EFBC}") = "CIPSA.M_VI.ConsoleApp", "Modules\M_VI\CIPSA.M_VI.ConsoleApp\CIPSA.M_VI.ConsoleApp.csproj", "{0C59D8F5-BBDD-4628-8941-24E2EC582A07}"
EndProject
Project("{FAE04EC0-301F-11D3-BF4B-00C04F79EFBC}") = "CIPSA.M_VI.WebApp", "Modules\M_VI\CIPSA.M_VI.WebApp\CIPSA.M_VI.WebApp.csproj", "{B18B0F79-0E3F-4EC3-842C-EDB7A363C4A0}"
EndProject
Project("{2150E333-8FDC-42A3-9474-1A3956D46DE8}") = "M_IX", "M_IX", "{6A618695-ABC9-454A-899B-0113FE6A8B6C}"
EndProject
Project("{FAE04EC0-301F-11D3-BF4B-00C04F79EFBC}") = "CIPSA.M_IX.ConsoleApp", "Modules\M_IX\CIPSA.M_IX.ConsoleApp\CIPSA.M_IX.ConsoleApp.csproj", "{7A241706-549E-4E57-A5DF-90D410E2822C}"
EndProject
Project("{FAE04EC0-301F-11D3-BF4B-00C04F79EFBC}") = "CIPSA.M_IX.WebApp", "Modules\M_IX\CIPSA.M_IX.WebApp\CIPSA.M_IX.WebApp.csproj", "{34CF0049-6399-425A-BA5F-3FB01D1EA933}"
EndProject
Project("{2150E333-8FDC-42A3-9474-1A3956D46DE8}") = "M_X", "M_X", "{DADC4184-4DF0-4C06-8B82-9B8E9B219A80}"
EndProject
Project("{FAE04EC0-301F-11D3-BF4B-00C04F79EFBC}") = "CIPSA.M_X.I.ConsoleApp", "Modules\M_X\CIPSA.M_X.I.ConsoleApp\CIPSA.M_X.I.ConsoleApp.csproj", "{D6182CD5-EA50-4835-9051-F7DF4C2DB296}"
EndProject
Project("{FAE04EC0-301F-11D3-BF4B-00C04F79EFBC}") = "CIPSA.M_X.I.WebApp", "Modules\M_X\CIPSA.M_X.I.WebApp\CIPSA.M_X.I.WebApp.csproj", "{D364A9E0-3463-45C7-9593-0BA16CE0270B}"
EndProject
Project("{FAE04EC0-301F-11D3-BF4B-00C04F79EFBC}") = "CIPSA.M_IV.III.ConsoleApp", "Modules\M_IV\CIPSA.M_IV.III.ConsoleApp\CIPSA.M_IV.III.ConsoleApp.csproj", "{625090BB-96C8-4C25-83B2-6C7C3BC53E47}"
EndProject
Project("{FAE04EC0-301F-11D3-BF4B-00C04F79EFBC}") = "CIPSA.M_X.II.ConsoleApp", "Modules\M_X\CIPSA.M_X.II.ConsoleApp\CIPSA.M_X.II.ConsoleApp.csproj", "{BDCBB75C-AC49-4936-8104-A35150990C40}"
EndProject
Project("{FAE04EC0-301F-11D3-BF4B-00C04F79EFBC}") = "CIPSA.M_X.III.ConsoleApp", "Modules\M_X\CIPSA.M_X.III.ConsoleApp\CIPSA.M_X.III.ConsoleApp.csproj", "{9CCB30ED-E8AA-4BC2-81E6-63D86A95D4CE}"
EndProject
Project("{2150E333-8FDC-42A3-9474-1A3956D46DE8}") = "M_XI", "M_XI", "{97E63D98-DEB0-4D60-B25B-E0AF78366C78}"
EndProject
Project("{2150E333-8FDC-42A3-9474-1A3956D46DE8}") = "Exercises", "Exercises", "{9CC7869A-9AAB-4865-96F4-DEDE6D317AB5}"
EndProject
Project("{2150E333-8FDC-42A3-9474-1A3956D46DE8}") = "0 - Modeling and Design", "0 - Modeling and Design", "{7F857C5B-4533-4D31-B74F-7AAD22720537}"
EndProject
Project("{2150E333-8FDC-42A3-9474-1A3956D46DE8}") = "1 - Layers", "1 - Layers", "{F73C3B8C-A493-4643-AF1A-F252638F8C11}"
EndProject
Project("{2150E333-8FDC-42A3-9474-1A3956D46DE8}") = "1.1 - Presentation", "1.1 - Presentation", "{1B670547-6FE4-4851-A105-28D0F85F0BA0}"
EndProject
Project("{2150E333-8FDC-42A3-9474-1A3956D46DE8}") = "1.2 - Distributed Services", "1.2 - Distributed Services", "{D77EEFA4-5EF2-4CBE-91EE-9D23058390CD}"
EndProject
Project("{2150E333-8FDC-42A3-9474-1A3956D46DE8}") = "1.3 - Application", "1.3 - Application", "{2EBC987D-CA9D-4B29-A1FD-18D498940159}"
EndProject
Project("{2150E333-8FDC-42A3-9474-1A3956D46DE8}") = "1.4 - Domain", "1.4 - Domain", "{2C3E51F4-0542-4ACB-BC53-C6FEA1AE9498}"
EndProject
Project("{2150E333-8FDC-42A3-9474-1A3956D46DE8}") = "1.5 - Infrastructure", "1.5 - Infrastructure", "{F9B03C18-6366-4E2D-9611-ED883B2D027F}"
EndProject
Project("{2150E333-8FDC-42A3-9474-1A3956D46DE8}") = "1.4.1 - Core", "1.4.1 - Core", "{E90CDEF7-2068-48D4-84E1-23815716210C}"
EndProject
Project("{2150E333-8FDC-42A3-9474-1A3956D46DE8}") = "1.4.2 - MainModule", "1.4.2 - MainModule", "{68FCE208-4A7E-4577-8C9A-DF2134C28D3D}"
EndProject
Project("{2150E333-8FDC-42A3-9474-1A3956D46DE8}") = "1.4.3 - DomainServices", "1.4.3 - DomainServices", "{D9304B83-0A02-4661-AF7E-1802F584C56B}"
EndProject
Project("{FAE04EC0-301F-11D3-BF4B-00C04F79EFBC}") = "CIPSA.M_XI.Domain", "Modules\M_XI\Exercises\1 - Layers\1.4 - Domain\1.4.2 - MainModule\CIPSA.M_XI.Domain\CIPSA.M_XI.Domain.csproj", "{528DE429-5616-4443-91C2-E04A849759B8}"
EndProject
Project("{FAE04EC0-301F-11D3-BF4B-00C04F79EFBC}") = "CIPSA.M_XI.DomainService", "Modules\M_XI\Exercises\1 - Layers\1.4 - Domain\1.4.3 - DomainService\CIPSA.M_XI.DomainService\CIPSA.M_XI.DomainService.csproj", "{5140BD59-5FEE-4903-BDBA-B7A6D0F28696}"
EndProject
Project("{FAE04EC0-301F-11D3-BF4B-00C04F79EFBC}") = "CIPSA.M_XI.Infrastructure", "Modules\M_XI\Exercises\1 - Layers\1.5 - Infrastructure\CIPSA.M_XI.Infrastructure\CIPSA.M_XI.Infrastructure.csproj", "{682C5FEC-EC13-4E59-8884-7877C874A443}"
EndProject
Project("{2150E333-8FDC-42A3-9474-1A3956D46DE8}") = "1.4.1 - Core", "1.4.1 - Core", "{1ACD093E-5DF9-4788-B74F-C1EABCDFF1F2}"
EndProject
Project("{FAE04EC0-301F-11D3-BF4B-00C04F79EFBC}") = "CIPSA.M_XI.Contract.Application", "Modules\M_XI\Exercises\1 - Layers\1.3 - Application\CIPSA.M_XI.Contract.Application\CIPSA.M_XI.Contract.Application.csproj", "{A823DB16-51DE-4555-BF79-3563A6C879A7}"
EndProject
Project("{FAE04EC0-301F-11D3-BF4B-00C04F79EFBC}") = "CIPSA.M_XI.Implementation.Application", "Modules\M_XI\Exercises\1 - Layers\1.3 - Application\CIPSA.M_XI.Implementation.Application\CIPSA.M_XI.Implementation.Application.csproj", "{D6CAB011-932D-4050-B23A-DBC7B5CFCBE7}"
EndProject
Project("{FAE04EC0-301F-11D3-BF4B-00C04F79EFBC}") = "CIPSA.M_XI.WebUI", "Modules\M_XI\Exercises\1 - Layers\1.1 - Presentation\CIPSA.M_XI.WebUI\CIPSA.M_XI.WebUI.csproj", "{27139817-18BC-498A-80EA-58FB280212C0}"
EndProject
Project("{FAE04EC0-301F-11D3-BF4B-00C04F79EFBC}") = "CIPSA.M_XI.WebAPI", "Modules\M_XI\Exercises\1 - Layers\1.2 - Distributed Services\CIPSA.M_XI.WebAPI\CIPSA.M_XI.WebAPI.csproj", "{A6C2456B-484A-4866-A6D2-D6E928C2FED0}"
EndProject
Global
	GlobalSection(SolutionConfigurationPlatforms) = preSolution
		Debug|Any CPU = Debug|Any CPU
		Release|Any CPU = Release|Any CPU
	EndGlobalSection
	GlobalSection(ProjectConfigurationPlatforms) = postSolution
		{179D5FB2-BA04-4392-B510-73241DF08690}.Debug|Any CPU.ActiveCfg = Debug|Any CPU
		{179D5FB2-BA04-4392-B510-73241DF08690}.Debug|Any CPU.Build.0 = Debug|Any CPU
		{179D5FB2-BA04-4392-B510-73241DF08690}.Release|Any CPU.ActiveCfg = Release|Any CPU
		{179D5FB2-BA04-4392-B510-73241DF08690}.Release|Any CPU.Build.0 = Release|Any CPU
		{E016E06A-D321-4977-B3B2-760D261F8D85}.Debug|Any CPU.ActiveCfg = Debug|Any CPU
		{E016E06A-D321-4977-B3B2-760D261F8D85}.Debug|Any CPU.Build.0 = Debug|Any CPU
		{E016E06A-D321-4977-B3B2-760D261F8D85}.Release|Any CPU.ActiveCfg = Release|Any CPU
		{E016E06A-D321-4977-B3B2-760D261F8D85}.Release|Any CPU.Build.0 = Release|Any CPU
		{0CD8B3A8-5732-4006-8D35-34B584706F43}.Debug|Any CPU.ActiveCfg = Debug|Any CPU
		{0CD8B3A8-5732-4006-8D35-34B584706F43}.Debug|Any CPU.Build.0 = Debug|Any CPU
		{0CD8B3A8-5732-4006-8D35-34B584706F43}.Release|Any CPU.ActiveCfg = Release|Any CPU
		{0CD8B3A8-5732-4006-8D35-34B584706F43}.Release|Any CPU.Build.0 = Release|Any CPU
		{E17740AF-9C4E-4DA3-9BAA-7F7AA9F28A33}.Debug|Any CPU.ActiveCfg = Debug|Any CPU
		{E17740AF-9C4E-4DA3-9BAA-7F7AA9F28A33}.Debug|Any CPU.Build.0 = Debug|Any CPU
		{E17740AF-9C4E-4DA3-9BAA-7F7AA9F28A33}.Release|Any CPU.ActiveCfg = Release|Any CPU
		{E17740AF-9C4E-4DA3-9BAA-7F7AA9F28A33}.Release|Any CPU.Build.0 = Release|Any CPU
		{C112378E-203D-4D42-9B34-17A3A55AED2C}.Debug|Any CPU.ActiveCfg = Debug|Any CPU
		{C112378E-203D-4D42-9B34-17A3A55AED2C}.Debug|Any CPU.Build.0 = Debug|Any CPU
		{C112378E-203D-4D42-9B34-17A3A55AED2C}.Release|Any CPU.ActiveCfg = Release|Any CPU
		{C112378E-203D-4D42-9B34-17A3A55AED2C}.Release|Any CPU.Build.0 = Release|Any CPU
		{B9B5AB82-6D63-4B6E-8E03-C103F48B551A}.Debug|Any CPU.ActiveCfg = Debug|Any CPU
		{B9B5AB82-6D63-4B6E-8E03-C103F48B551A}.Debug|Any CPU.Build.0 = Debug|Any CPU
		{B9B5AB82-6D63-4B6E-8E03-C103F48B551A}.Release|Any CPU.ActiveCfg = Release|Any CPU
		{B9B5AB82-6D63-4B6E-8E03-C103F48B551A}.Release|Any CPU.Build.0 = Release|Any CPU
		{49CE4D4F-FF1F-40E8-A444-60B96D4D7FBB}.Debug|Any CPU.ActiveCfg = Debug|Any CPU
		{49CE4D4F-FF1F-40E8-A444-60B96D4D7FBB}.Debug|Any CPU.Build.0 = Debug|Any CPU
		{49CE4D4F-FF1F-40E8-A444-60B96D4D7FBB}.Release|Any CPU.ActiveCfg = Release|Any CPU
		{49CE4D4F-FF1F-40E8-A444-60B96D4D7FBB}.Release|Any CPU.Build.0 = Release|Any CPU
		{0C59D8F5-BBDD-4628-8941-24E2EC582A07}.Debug|Any CPU.ActiveCfg = Debug|Any CPU
		{0C59D8F5-BBDD-4628-8941-24E2EC582A07}.Debug|Any CPU.Build.0 = Debug|Any CPU
		{0C59D8F5-BBDD-4628-8941-24E2EC582A07}.Release|Any CPU.ActiveCfg = Release|Any CPU
		{0C59D8F5-BBDD-4628-8941-24E2EC582A07}.Release|Any CPU.Build.0 = Release|Any CPU
		{B18B0F79-0E3F-4EC3-842C-EDB7A363C4A0}.Debug|Any CPU.ActiveCfg = Debug|Any CPU
		{B18B0F79-0E3F-4EC3-842C-EDB7A363C4A0}.Debug|Any CPU.Build.0 = Debug|Any CPU
		{B18B0F79-0E3F-4EC3-842C-EDB7A363C4A0}.Release|Any CPU.ActiveCfg = Release|Any CPU
		{B18B0F79-0E3F-4EC3-842C-EDB7A363C4A0}.Release|Any CPU.Build.0 = Release|Any CPU
		{7A241706-549E-4E57-A5DF-90D410E2822C}.Debug|Any CPU.ActiveCfg = Debug|Any CPU
		{7A241706-549E-4E57-A5DF-90D410E2822C}.Debug|Any CPU.Build.0 = Debug|Any CPU
		{7A241706-549E-4E57-A5DF-90D410E2822C}.Release|Any CPU.ActiveCfg = Release|Any CPU
		{7A241706-549E-4E57-A5DF-90D410E2822C}.Release|Any CPU.Build.0 = Release|Any CPU
		{34CF0049-6399-425A-BA5F-3FB01D1EA933}.Debug|Any CPU.ActiveCfg = Debug|Any CPU
		{34CF0049-6399-425A-BA5F-3FB01D1EA933}.Debug|Any CPU.Build.0 = Debug|Any CPU
		{34CF0049-6399-425A-BA5F-3FB01D1EA933}.Release|Any CPU.ActiveCfg = Release|Any CPU
		{34CF0049-6399-425A-BA5F-3FB01D1EA933}.Release|Any CPU.Build.0 = Release|Any CPU
		{D6182CD5-EA50-4835-9051-F7DF4C2DB296}.Debug|Any CPU.ActiveCfg = Debug|Any CPU
		{D6182CD5-EA50-4835-9051-F7DF4C2DB296}.Debug|Any CPU.Build.0 = Debug|Any CPU
		{D6182CD5-EA50-4835-9051-F7DF4C2DB296}.Release|Any CPU.ActiveCfg = Release|Any CPU
		{D6182CD5-EA50-4835-9051-F7DF4C2DB296}.Release|Any CPU.Build.0 = Release|Any CPU
		{D364A9E0-3463-45C7-9593-0BA16CE0270B}.Debug|Any CPU.ActiveCfg = Debug|Any CPU
		{D364A9E0-3463-45C7-9593-0BA16CE0270B}.Debug|Any CPU.Build.0 = Debug|Any CPU
		{D364A9E0-3463-45C7-9593-0BA16CE0270B}.Release|Any CPU.ActiveCfg = Release|Any CPU
		{D364A9E0-3463-45C7-9593-0BA16CE0270B}.Release|Any CPU.Build.0 = Release|Any CPU
		{625090BB-96C8-4C25-83B2-6C7C3BC53E47}.Debug|Any CPU.ActiveCfg = Debug|Any CPU
		{625090BB-96C8-4C25-83B2-6C7C3BC53E47}.Debug|Any CPU.Build.0 = Debug|Any CPU
		{625090BB-96C8-4C25-83B2-6C7C3BC53E47}.Release|Any CPU.ActiveCfg = Release|Any CPU
		{625090BB-96C8-4C25-83B2-6C7C3BC53E47}.Release|Any CPU.Build.0 = Release|Any CPU
		{BDCBB75C-AC49-4936-8104-A35150990C40}.Debug|Any CPU.ActiveCfg = Debug|Any CPU
		{BDCBB75C-AC49-4936-8104-A35150990C40}.Debug|Any CPU.Build.0 = Debug|Any CPU
		{BDCBB75C-AC49-4936-8104-A35150990C40}.Release|Any CPU.ActiveCfg = Release|Any CPU
		{BDCBB75C-AC49-4936-8104-A35150990C40}.Release|Any CPU.Build.0 = Release|Any CPU
		{9CCB30ED-E8AA-4BC2-81E6-63D86A95D4CE}.Debug|Any CPU.ActiveCfg = Debug|Any CPU
		{9CCB30ED-E8AA-4BC2-81E6-63D86A95D4CE}.Debug|Any CPU.Build.0 = Debug|Any CPU
		{9CCB30ED-E8AA-4BC2-81E6-63D86A95D4CE}.Release|Any CPU.ActiveCfg = Release|Any CPU
		{9CCB30ED-E8AA-4BC2-81E6-63D86A95D4CE}.Release|Any CPU.Build.0 = Release|Any CPU
		{528DE429-5616-4443-91C2-E04A849759B8}.Debug|Any CPU.ActiveCfg = Debug|Any CPU
		{528DE429-5616-4443-91C2-E04A849759B8}.Debug|Any CPU.Build.0 = Debug|Any CPU
		{528DE429-5616-4443-91C2-E04A849759B8}.Release|Any CPU.ActiveCfg = Release|Any CPU
		{528DE429-5616-4443-91C2-E04A849759B8}.Release|Any CPU.Build.0 = Release|Any CPU
		{5140BD59-5FEE-4903-BDBA-B7A6D0F28696}.Debug|Any CPU.ActiveCfg = Debug|Any CPU
		{5140BD59-5FEE-4903-BDBA-B7A6D0F28696}.Debug|Any CPU.Build.0 = Debug|Any CPU
		{5140BD59-5FEE-4903-BDBA-B7A6D0F28696}.Release|Any CPU.ActiveCfg = Release|Any CPU
		{5140BD59-5FEE-4903-BDBA-B7A6D0F28696}.Release|Any CPU.Build.0 = Release|Any CPU
		{682C5FEC-EC13-4E59-8884-7877C874A443}.Debug|Any CPU.ActiveCfg = Debug|Any CPU
		{682C5FEC-EC13-4E59-8884-7877C874A443}.Debug|Any CPU.Build.0 = Debug|Any CPU
		{682C5FEC-EC13-4E59-8884-7877C874A443}.Release|Any CPU.ActiveCfg = Release|Any CPU
		{682C5FEC-EC13-4E59-8884-7877C874A443}.Release|Any CPU.Build.0 = Release|Any CPU
		{A823DB16-51DE-4555-BF79-3563A6C879A7}.Debug|Any CPU.ActiveCfg = Debug|Any CPU
		{A823DB16-51DE-4555-BF79-3563A6C879A7}.Debug|Any CPU.Build.0 = Debug|Any CPU
		{A823DB16-51DE-4555-BF79-3563A6C879A7}.Release|Any CPU.ActiveCfg = Release|Any CPU
		{A823DB16-51DE-4555-BF79-3563A6C879A7}.Release|Any CPU.Build.0 = Release|Any CPU
		{D6CAB011-932D-4050-B23A-DBC7B5CFCBE7}.Debug|Any CPU.ActiveCfg = Debug|Any CPU
		{D6CAB011-932D-4050-B23A-DBC7B5CFCBE7}.Debug|Any CPU.Build.0 = Debug|Any CPU
		{D6CAB011-932D-4050-B23A-DBC7B5CFCBE7}.Release|Any CPU.ActiveCfg = Release|Any CPU
		{D6CAB011-932D-4050-B23A-DBC7B5CFCBE7}.Release|Any CPU.Build.0 = Release|Any CPU
		{27139817-18BC-498A-80EA-58FB280212C0}.Debug|Any CPU.ActiveCfg = Debug|Any CPU
		{27139817-18BC-498A-80EA-58FB280212C0}.Debug|Any CPU.Build.0 = Debug|Any CPU
		{27139817-18BC-498A-80EA-58FB280212C0}.Release|Any CPU.ActiveCfg = Release|Any CPU
		{27139817-18BC-498A-80EA-58FB280212C0}.Release|Any CPU.Build.0 = Release|Any CPU
		{A6C2456B-484A-4866-A6D2-D6E928C2FED0}.Debug|Any CPU.ActiveCfg = Debug|Any CPU
		{A6C2456B-484A-4866-A6D2-D6E928C2FED0}.Debug|Any CPU.Build.0 = Debug|Any CPU
		{A6C2456B-484A-4866-A6D2-D6E928C2FED0}.Release|Any CPU.ActiveCfg = Release|Any CPU
		{A6C2456B-484A-4866-A6D2-D6E928C2FED0}.Release|Any CPU.Build.0 = Release|Any CPU
	EndGlobalSection
	GlobalSection(SolutionProperties) = preSolution
		HideSolutionNode = FALSE
	EndGlobalSection
	GlobalSection(NestedProjects) = preSolution
		{E5C8B79F-7F97-4FEA-BBEC-220D7E6B460B} = {05289515-72ED-4929-8E92-F150C95BA192}
		{179D5FB2-BA04-4392-B510-73241DF08690} = {E5C8B79F-7F97-4FEA-BBEC-220D7E6B460B}
		{E016E06A-D321-4977-B3B2-760D261F8D85} = {E5C8B79F-7F97-4FEA-BBEC-220D7E6B460B}
		{79CBCE68-A8E7-4E1F-9A47-BFC103C4D7FC} = {05289515-72ED-4929-8E92-F150C95BA192}
		{0CD8B3A8-5732-4006-8D35-34B584706F43} = {79CBCE68-A8E7-4E1F-9A47-BFC103C4D7FC}
		{D1F37444-DACD-4884-812F-93CDFDEB1CC1} = {05289515-72ED-4929-8E92-F150C95BA192}
		{09FA5FB2-A07F-4494-981E-576BE714AAC1} = {05289515-72ED-4929-8E92-F150C95BA192}
		{E17740AF-9C4E-4DA3-9BAA-7F7AA9F28A33} = {D1F37444-DACD-4884-812F-93CDFDEB1CC1}
		{C112378E-203D-4D42-9B34-17A3A55AED2C} = {09FA5FB2-A07F-4494-981E-576BE714AAC1}
		{B9B5AB82-6D63-4B6E-8E03-C103F48B551A} = {D1F37444-DACD-4884-812F-93CDFDEB1CC1}
		{EBF393D9-884A-4B7F-BBC6-2A8474178370} = {05289515-72ED-4929-8E92-F150C95BA192}
		{49CE4D4F-FF1F-40E8-A444-60B96D4D7FBB} = {EBF393D9-884A-4B7F-BBC6-2A8474178370}
		{2C335774-8B2C-4694-AC2B-4AD852C4E09B} = {05289515-72ED-4929-8E92-F150C95BA192}
		{0C59D8F5-BBDD-4628-8941-24E2EC582A07} = {2C335774-8B2C-4694-AC2B-4AD852C4E09B}
		{B18B0F79-0E3F-4EC3-842C-EDB7A363C4A0} = {2C335774-8B2C-4694-AC2B-4AD852C4E09B}
		{6A618695-ABC9-454A-899B-0113FE6A8B6C} = {05289515-72ED-4929-8E92-F150C95BA192}
		{7A241706-549E-4E57-A5DF-90D410E2822C} = {6A618695-ABC9-454A-899B-0113FE6A8B6C}
		{34CF0049-6399-425A-BA5F-3FB01D1EA933} = {6A618695-ABC9-454A-899B-0113FE6A8B6C}
		{DADC4184-4DF0-4C06-8B82-9B8E9B219A80} = {05289515-72ED-4929-8E92-F150C95BA192}
		{D6182CD5-EA50-4835-9051-F7DF4C2DB296} = {DADC4184-4DF0-4C06-8B82-9B8E9B219A80}
		{D364A9E0-3463-45C7-9593-0BA16CE0270B} = {DADC4184-4DF0-4C06-8B82-9B8E9B219A80}
		{625090BB-96C8-4C25-83B2-6C7C3BC53E47} = {D1F37444-DACD-4884-812F-93CDFDEB1CC1}
		{BDCBB75C-AC49-4936-8104-A35150990C40} = {DADC4184-4DF0-4C06-8B82-9B8E9B219A80}
		{9CCB30ED-E8AA-4BC2-81E6-63D86A95D4CE} = {DADC4184-4DF0-4C06-8B82-9B8E9B219A80}
		{97E63D98-DEB0-4D60-B25B-E0AF78366C78} = {05289515-72ED-4929-8E92-F150C95BA192}
		{9CC7869A-9AAB-4865-96F4-DEDE6D317AB5} = {97E63D98-DEB0-4D60-B25B-E0AF78366C78}
		{7F857C5B-4533-4D31-B74F-7AAD22720537} = {9CC7869A-9AAB-4865-96F4-DEDE6D317AB5}
		{F73C3B8C-A493-4643-AF1A-F252638F8C11} = {9CC7869A-9AAB-4865-96F4-DEDE6D317AB5}
		{1B670547-6FE4-4851-A105-28D0F85F0BA0} = {F73C3B8C-A493-4643-AF1A-F252638F8C11}
		{D77EEFA4-5EF2-4CBE-91EE-9D23058390CD} = {F73C3B8C-A493-4643-AF1A-F252638F8C11}
		{2EBC987D-CA9D-4B29-A1FD-18D498940159} = {F73C3B8C-A493-4643-AF1A-F252638F8C11}
		{2C3E51F4-0542-4ACB-BC53-C6FEA1AE9498} = {F73C3B8C-A493-4643-AF1A-F252638F8C11}
		{F9B03C18-6366-4E2D-9611-ED883B2D027F} = {F73C3B8C-A493-4643-AF1A-F252638F8C11}
		{E90CDEF7-2068-48D4-84E1-23815716210C} = {68FCE208-4A7E-4577-8C9A-DF2134C28D3D}
		{68FCE208-4A7E-4577-8C9A-DF2134C28D3D} = {2C3E51F4-0542-4ACB-BC53-C6FEA1AE9498}
		{D9304B83-0A02-4661-AF7E-1802F584C56B} = {2C3E51F4-0542-4ACB-BC53-C6FEA1AE9498}
		{528DE429-5616-4443-91C2-E04A849759B8} = {68FCE208-4A7E-4577-8C9A-DF2134C28D3D}
		{5140BD59-5FEE-4903-BDBA-B7A6D0F28696} = {D9304B83-0A02-4661-AF7E-1802F584C56B}
		{682C5FEC-EC13-4E59-8884-7877C874A443} = {F9B03C18-6366-4E2D-9611-ED883B2D027F}
		{1ACD093E-5DF9-4788-B74F-C1EABCDFF1F2} = {2C3E51F4-0542-4ACB-BC53-C6FEA1AE9498}
		{A823DB16-51DE-4555-BF79-3563A6C879A7} = {2EBC987D-CA9D-4B29-A1FD-18D498940159}
		{D6CAB011-932D-4050-B23A-DBC7B5CFCBE7} = {2EBC987D-CA9D-4B29-A1FD-18D498940159}
		{27139817-18BC-498A-80EA-58FB280212C0} = {1B670547-6FE4-4851-A105-28D0F85F0BA0}
		{A6C2456B-484A-4866-A6D2-D6E928C2FED0} = {D77EEFA4-5EF2-4CBE-91EE-9D23058390CD}
	EndGlobalSection
	GlobalSection(ExtensibilityGlobals) = postSolution
		SolutionGuid = {927B2FB1-B6A6-4558-A814-A5C5BBEC95B2}
	EndGlobalSection
EndGlobal
